{
  "name": "day3",
  "version": "1.0.0",
  "lockfileVersion": 1,
  "requires": true,
  "dependencies": {
    "geometric": {
      "version": "2.2.0",
      "resolved": "https://registry.npmjs.org/geometric/-/geometric-2.2.0.tgz",
      "integrity": "sha512-lDix4orpqWemyVKVzmj2ZjgErFPYJnaYzKcJv0azyjl9t7XiOE2k+XVvPEAj3nI1DlzejKm7hj/oZ6wPr4Lozg=="
    }
  }
}
